# This file is automatically @generated by Cargo.
# It is not intended for manual editing.
version = 4

[[package]]
name = "bitflags"
version = "2.11.0"
source = "registry+https://github.com/rust-lang/crates.io-index"
checksum = "843867be96c8daad0d758b57df9392b6d8d271134fce549de6ce169ff98a92af"

[[package]]
name = "iter_seq_ext"
version = "0.1.0"
source = "registry+https://github.com/rust-lang/crates.io-index"
checksum = "3421a12e4252cbbd6b747d92d1afdd06577dbb90d6ce22c87de85c4a22981e60"

[[package]]
name = "memchr"
version = "2.8.0"
source = "registry+https://github.com/rust-lang/crates.io-index"
checksum = "f8ca58f447f06ed17d5fc4043ce1b10dd205e060fb3ce5b979b8ed8e59ff3f79"

[[package]]
name = "proc-macro2"
version = "1.0.106"
source = "registry+https://github.com/rust-lang/crates.io-index"
checksum = "8fd00f0bb2e90d81d1044c2b32617f68fcb9fa3bb7640c23e9c748e53fb30934"
dependencies = [
 "unicode-ident",
]

[[package]]
name = "pulldown-cmark"
version = "0.13.1"
source = "registry+https://github.com/rust-lang/crates.io-index"
checksum = "83c41efbf8f90ac44de7f3a868f0867851d261b56291732d0cbf7cceaaeb55a6"
dependencies = [
 "bitflags",
 "memchr",
 "unicase",
]

[[package]]
name = "pulldown-cmark-to-cmark"
version = "22.0.0"
source = "registry+https://github.com/rust-lang/crates.io-index"
checksum = "50793def1b900256624a709439404384204a5dc3a6ec580281bfaac35e882e90"
dependencies = [
 "pulldown-cmark",
]

[[package]]
name = "quote"
version = "1.0.44"
source = "registry+https://github.com/rust-lang/crates.io-index"
checksum = "21b2ebcf727b7760c461f091f9f0f539b77b8e87f2fd88131e7f1b433b3cece4"
dependencies = [
 "proc-macro2",
]

[[package]]
name = "rustc_lexer"
version = "0.1.0"
source = "registry+https://github.com/rust-lang/crates.io-index"
checksum = "c86aae0c77166108c01305ee1a36a1e77289d7dc6ca0a3cd91ff4992de2d16a5"
dependencies = [
 "unicode-xid",
]

[[package]]
name = "rustdoc_copy"
version = "0.2.0"
dependencies = [
 "rustdoc_copy_macro",
]

[[package]]
name = "rustdoc_copy_macro"
version = "0.2.0"
dependencies = [
 "iter_seq_ext",
 "proc-macro2",
 "pulldown-cmark",
 "pulldown-cmark-to-cmark",
 "quote",
 "rustc_lexer",
 "syn",
 "unicode-ident",
]

[[package]]
name = "syn"
version = "2.0.115"
source = "registry+https://github.com/rust-lang/crates.io-index"
checksum = "6e614ed320ac28113fa64972c4262d5dbc89deacdfd00c34a3e4cea073243c12"
dependencies = [
 "proc-macro2",
 "quote",
 "unicode-ident",
]

[[package]]
name = "unicase"
version = "2.9.0"
source = "registry+https://github.com/rust-lang/crates.io-index"
checksum = "dbc4bc3a9f746d862c45cb89d705aa10f187bb96c76001afab07a0d35ce60142"

[[package]]
name = "unicode-ident"
version = "1.0.23"
source = "registry+https://github.com/rust-lang/crates.io-index"
checksum = "537dd038a89878be9b64dd4bd1b260315c1bb94f4d784956b81e27a088d9a09e"

[[package]]
name = "unicode-xid"
version = "0.2.6"
source = "registry+https://github.com/rust-lang/crates.io-index"
checksum = "ebc1c04c71510c7f702b52b7c350734c9ff1295c464a03335b00bb84fc54f853"
